
Microsoft Visual Studio Solution File, Format Version 12.00
# Visual Studio Version 16
VisualStudioVersion = 16.0.29215.179
MinimumVisualStudioVersion = 10.0.40219.1
Project("{FAE04EC0-301F-11D3-BF4B-00C04F79EFBC}") = "Sphynx", "Sphynx\Sphynx.csproj", "{647683A7-9825-469C-9DED-8201340BB274}"
EndProject
Global
	GlobalSection(SolutionConfigurationPlatforms) = preSolution
		Debug|Any CPU = Debug|Any CPU
		Release|Any CPU = Release|Any CPU
	EndGlobalSection
	GlobalSection(ProjectConfigurationPlatforms) = postSolution
		{647683A7-9825-469C-9DED-8201340BB274}.Debug|Any CPU.ActiveCfg = Debug|Any CPU
		{647683A7-9825-469C-9DED-8201340BB274}.Debug|Any CPU.Build.0 = Debug|Any CPU
		{647683A7-9825-469C-9DED-8201340BB274}.Release|Any CPU.ActiveCfg = Release|Any CPU
		{647683A7-9825-469C-9DED-8201340BB274}.Release|Any CPU.Build.0 = Release|Any CPU
	EndGlobalSection
	GlobalSection(SolutionProperties) = preSolution
		HideSolutionNode = FALSE
	EndGlobalSection
	GlobalSection(ExtensibilityGlobals) = postSolution
		SolutionGuid = {0C740DCA-DF77-438E-A632-35C8A9810D49}
	EndGlobalSection
EndGlobal
